PODS:
  - KochavaAdNetworkiOS (5.0.0):
    - KochavaTrackeriOS (~> 5.0.0)
  - KochavaCoreiOS (5.0.0)
  - KochavaTrackeriOS (5.0.0):
    - KochavaCoreiOS (~> 5.0.0)

DEPENDENCIES:
  - KochavaAdNetworkiOS (from `../`)

SPEC REPOS:
  trunk:
    - KochavaCoreiOS
    - KochavaTrackeriOS

EXTERNAL SOURCES:
  KochavaAdNetworkiOS:
    :path: "../"

SPEC CHECKSUMS:
  KochavaAdNetworkiOS: 112e44efbab5b180ce4cae86a3521565a3a14502
  KochavaCoreiOS: db64b3bc8f37f7312890e0916ed9d62ba13dd1a1
  KochavaTrackeriOS: b1feb8e9ec6b4e126168e064b08c4e053e79ab28

PODFILE CHECKSUM: 2cb1f6d912317745e43411becadc01c94eacfc76

COCOAPODS: 1.10.1
