PODS:
  - KochavaAdNetworkiOS (5.1.0):
    - KochavaTrackeriOS (~> 5.1.0)
  - KochavaCoreiOS (5.1.0)
  - KochavaTrackeriOS (5.1.0):
    - KochavaCoreiOS (~> 5.1.0)

DEPENDENCIES:
  - KochavaAdNetworkiOS (from `../`)

SPEC REPOS:
  trunk:
    - KochavaCoreiOS
    - KochavaTrackeriOS

EXTERNAL SOURCES:
  KochavaAdNetworkiOS:
    :path: "../"

SPEC CHECKSUMS:
  KochavaAdNetworkiOS: 52421f2726710d2a70ad7aac11fbbdb135967b44
  KochavaCoreiOS: 73320147501bf1c00ff88e8c18a3ad4b0587ca24
  KochavaTrackeriOS: a325048a3c79d44bde252c42b82f16bbf3686dea

PODFILE CHECKSUM: 2cb1f6d912317745e43411becadc01c94eacfc76

COCOAPODS: 1.10.1
