PODS:
  - KochavaAdNetworkiOS (4.7.0):
    - KochavaTrackeriOS (~> 4.7.0)
  - KochavaCoreiOS (4.7.0)
  - KochavaTrackeriOS (4.7.0):
    - KochavaCoreiOS (~> 4.7.0)

DEPENDENCIES:
  - KochavaAdNetworkiOS (from `../`)

SPEC REPOS:
  trunk:
    - KochavaCoreiOS
    - KochavaTrackeriOS

EXTERNAL SOURCES:
  KochavaAdNetworkiOS:
    :path: "../"

SPEC CHECKSUMS:
  KochavaAdNetworkiOS: 559bf5be4421916ac96bdd19e1c3cd20791a7a73
  KochavaCoreiOS: d74f9a00f564ba40e121ae38b62e17f356a062cb
  KochavaTrackeriOS: 653b1fc2d0b4ddab0db8bb4c399cd67bd17d12c6

PODFILE CHECKSUM: 2cb1f6d912317745e43411becadc01c94eacfc76

COCOAPODS: 1.10.1
